
Microsoft Visual Studio Solution File, Format Version 12.00
# Visual Studio Version 16
VisualStudioVersion = 16.0.29613.14
MinimumVisualStudioVersion = 10.0.40219.1
Project("{FAE04EC0-301F-11D3-BF4B-00C04F79EFBC}") = "Lab 10 Movie List", "Lab 10 Movie List\Lab 10 Movie List.csproj", "{C1ADD9E2-D19F-4CA5-8FE5-51FA7647713A}"
EndProject
Global
	GlobalSection(SolutionConfigurationPlatforms) = preSolution
		Debug|Any CPU = Debug|Any CPU
		Release|Any CPU = Release|Any CPU
	EndGlobalSection
	GlobalSection(ProjectConfigurationPlatforms) = postSolution
		{C1ADD9E2-D19F-4CA5-8FE5-51FA7647713A}.Debug|Any CPU.ActiveCfg = Debug|Any CPU
		{C1ADD9E2-D19F-4CA5-8FE5-51FA7647713A}.Debug|Any CPU.Build.0 = Debug|Any CPU
		{C1ADD9E2-D19F-4CA5-8FE5-51FA7647713A}.Release|Any CPU.ActiveCfg = Release|Any CPU
		{C1ADD9E2-D19F-4CA5-8FE5-51FA7647713A}.Release|Any CPU.Build.0 = Release|Any CPU
	EndGlobalSection
	GlobalSection(SolutionProperties) = preSolution
		HideSolutionNode = FALSE
	EndGlobalSection
	GlobalSection(ExtensibilityGlobals) = postSolution
		SolutionGuid = {78C71D52-573A-47C4-BA57-4896399A3301}
	EndGlobalSection
EndGlobal
